
Microsoft Visual Studio Solution File, Format Version 12.00
# Visual Studio 15
VisualStudioVersion = 15.0.28307.1259
MinimumVisualStudioVersion = 10.0.40219.1
Project("{FAE04EC0-301F-11D3-BF4B-00C04F79EFBC}") = "UserServ", "UserServ\UserServ.csproj", "{EA513157-211D-44DA-B8DB-C268A32278B9}"
EndProject
Project("{FAE04EC0-301F-11D3-BF4B-00C04F79EFBC}") = "test", "..\..\..\..\C#\test\test.csproj", "{43443346-585A-4D36-A755-DE9DF27B2995}"
EndProject
Global
	GlobalSection(SolutionConfigurationPlatforms) = preSolution
		Debug|Any CPU = Debug|Any CPU
		Release|Any CPU = Release|Any CPU
	EndGlobalSection
	GlobalSection(ProjectConfigurationPlatforms) = postSolution
		{EA513157-211D-44DA-B8DB-C268A32278B9}.Debug|Any CPU.ActiveCfg = Release|Any CPU
		{EA513157-211D-44DA-B8DB-C268A32278B9}.Debug|Any CPU.Build.0 = Release|Any CPU
		{EA513157-211D-44DA-B8DB-C268A32278B9}.Release|Any CPU.ActiveCfg = Release|Any CPU
		{EA513157-211D-44DA-B8DB-C268A32278B9}.Release|Any CPU.Build.0 = Release|Any CPU
		{43443346-585A-4D36-A755-DE9DF27B2995}.Debug|Any CPU.ActiveCfg = Debug|Any CPU
		{43443346-585A-4D36-A755-DE9DF27B2995}.Release|Any CPU.ActiveCfg = Release|Any CPU
		{43443346-585A-4D36-A755-DE9DF27B2995}.Release|Any CPU.Build.0 = Release|Any CPU
	EndGlobalSection
	GlobalSection(SolutionProperties) = preSolution
		HideSolutionNode = FALSE
	EndGlobalSection
	GlobalSection(ExtensibilityGlobals) = postSolution
		SolutionGuid = {94C20F64-DFCA-4F6B-A57C-078F98E91345}
	EndGlobalSection
EndGlobal
